// !$*UTF8*$!
{
	archiveVersion = 1;
	classes = {
	};
	objectVersion = 48;
	objects = {

/* Begin PBXBuildFile section */
		A724B6C920ACED0600B16967 /* CalculatorBrain.swift in Sources */ = {isa = PBXBuildFile; fileRef = A724B6C820ACED0600B16967 /* CalculatorBrain.swift */; };
		A7D1D2A420AC5BDB000525A3 /* AppDelegate.swift in Sources */ = {isa = PBXBuildFile; fileRef = A7D1D2A320AC5BDB000525A3 /* AppDelegate.swift */; };
		A7D1D2A620AC5BDB000525A3 /* ViewController.swift in Sources */ = {isa = PBXBuildFile; fileRef = A7D1D2A520AC5BDB000525A3 /* ViewController.swift */; };
		A7D1D2A920AC5BDB000525A3 /* Main.storyboard in Resources */ = {isa = PBXBuildFile; fileRef = A7D1D2A720AC5BDB000525A3 /* Main.storyboard */; };
		A7D1D2AB20AC5BDB000525A3 /* Assets.xcassets in Resources */ = {isa = PBXBuildFile; fileRef = A7D1D2AA20AC5BDB000525A3 /* Assets.xcassets */; };
		A7D1D2AE20AC5BDB000525A3 /* LaunchScreen.storyboard in Resources */ = {isa = PBXBuildFile; fileRef = A7D1D2AC20AC5BDB000525A3 /* LaunchScreen.storyboard */; };
/* End PBXBuildFile section */

/* Begin PBXFileReference section */
		A724B6C820ACED0600B16967 /* CalculatorBrain.swift */ = {isa = PBXFileReference; lastKnownFileType = sourcecode.swift; path = CalculatorBrain.swift; sourceTree = "<group>"; };
		A7D1D2A020AC5BDB000525A3 /* clacolator.app */ = {isa = PBXFileReference; explicitFileType = wrapper.application; includeInIndex = 0; path = clacolator.app; sourceTree = BUILT_PRODUCTS_DIR; };
		A7D1D2A320AC5BDB000525A3 /* AppDelegate.swift */ = {isa = PBXFileReference; lastKnownFileType = sourcecode.swift; path = AppDelegate.swift; sourceTree = "<group>"; };
		A7D1D2A520AC5BDB000525A3 /* ViewController.swift */ = {isa = PBXFileReference; lastKnownFileType = sourcecode.swift; path = ViewController.swift; sourceTree = "<group>"; };
		A7D1D2A820AC5BDB000525A3 /* Base */ = {isa = PBXFileReference; lastKnownFileType = file.storyboard; name = Base; path = Base.lproj/Main.storyboard; sourceTree = "<group>"; };
		A7D1D2AA20AC5BDB000525A3 /* Assets.xcassets */ = {isa = PBXFileReference; lastKnownFileType = folder.assetcatalog; path = Assets.xcassets; sourceTree = "<group>"; };
		A7D1D2AD20AC5BDB000525A3 /* Base */ = {isa = PBXFileReference; lastKnownFileType = file.storyboard; name = Base; path = Base.lproj/LaunchScreen.storyboard; sourceTree = "<group>"; };
		A7D1D2AF20AC5BDB000525A3 /* Info.plist */ = {isa = PBXFileReference; lastKnownFileType = text.plist.xml; path = Info.plist; sourceTree = "<group>"; };
/* End PBXFileReference section */

/* Begin PBXFrameworksBuildPhase section */
		A7D1D29D20AC5BDB000525A3 /* Frameworks */ = {
			isa = PBXFrameworksBuildPhase;
			buildActionMask = 2147483647;
			files = (
			);
			runOnlyForDeploymentPostprocessing = 0;
		};
/* End PBXFrameworksBuildPhase section */

/* Begin PBXGroup section */
		A7D1D29720AC5BDB000525A3 = {
			isa = PBXGroup;
			children = (
				A724B6C820ACED0600B16967 /* CalculatorBrain.swift */,
				A7D1D2A220AC5BDB000525A3 /* clacolator */,
				A7D1D2A120AC5BDB000525A3 /* Products */,
			);
			sourceTree = "<group>";
		};
		A7D1D2A120AC5BDB000525A3 /* Products */ = {
			isa = PBXGroup;
			children = (
				A7D1D2A020AC5BDB000525A3 /* clacolator.app */,
			);
			name = Products;
			sourceTree = "<group>";
		};
		A7D1D2A220AC5BDB000525A3 /* clacolator */ = {
			isa = PBXGroup;
			children = (
				A7D1D2A320AC5BDB000525A3 /* AppDelegate.swift */,
				A7D1D2A520AC5BDB000525A3 /* ViewController.swift */,
				A7D1D2A720AC5BDB000525A3 /* Main.storyboard */,
				A7D1D2AA20AC5BDB000525A3 /* Assets.xcassets */,
				A7D1D2AC20AC5BDB000525A3 /* LaunchScreen.storyboard */,
				A7D1D2AF20AC5BDB000525A3 /* Info.plist */,
			);
			path = clacolator;
			sourceTree = "<group>";
		};
/* End PBXGroup section */

/* Begin PBXNativeTarget section */
		A7D1D29F20AC5BDB000525A3 /* clacolator */ = {
			isa = PBXNativeTarget;
			buildConfigurationList = A7D1D2B220AC5BDB000525A3 /* Build configuration list for PBXNativeTarget "clacolator" */;
			buildPhases = (
				A7D1D29C20AC5BDB000525A3 /* Sources */,
				A7D1D29D20AC5BDB000525A3 /* Frameworks */,
				A7D1D29E20AC5BDB000525A3 /* Resources */,
			);
			buildRules = (
			);
			dependencies = (
			);
			name = clacolator;
			productName = clacolator;
			productReference = A7D1D2A020AC5BDB000525A3 /* clacolator.app */;
			productType = "com.apple.product-type.application";
		};
/* End PBXNativeTarget section */

/* Begin PBXProject section */
		A7D1D29820AC5BDB000525A3 /* Project object */ = {
			isa = PBXProject;
			attributes = {
				LastSwiftUpdateCheck = 0920;
				LastUpgradeCheck = 0920;
				ORGANIZATIONNAME = AhmedZlazel;
				TargetAttributes = {
					A7D1D29F20AC5BDB000525A3 = {
						CreatedOnToolsVersion = 9.2;
						ProvisioningStyle = Automatic;
					};
				};
			};
			buildConfigurationList = A7D1D29B20AC5BDB000525A3 /* Build configuration list for PBXProject "clacolator" */;
			compatibilityVersion = "Xcode 8.0";
			developmentRegion = en;
			hasScannedForEncodings = 0;
			knownRegions = (
				en,
				Base,
			);
			mainGroup = A7D1D29720AC5BDB000525A3;
			productRefGroup = A7D1D2A120AC5BDB000525A3 /* Products */;
			projectDirPath = "";
			projectRoot = "";
			targets = (
				A7D1D29F20AC5BDB000525A3 /* clacolator */,
			);
		};
/* End PBXProject section */

/* Begin PBXResourcesBuildPhase section */
		A7D1D29E20AC5BDB000525A3 /* Resources */ = {
			isa = PBXResourcesBuildPhase;
			buildActionMask = 2147483647;
			files = (
				A7D1D2AE20AC5BDB000525A3 /* LaunchScreen.storyboard in Resources */,
				A7D1D2AB20AC5BDB000525A3 /* Assets.xcassets in Resources */,
				A7D1D2A920AC5BDB000525A3 /* Main.storyboard in Resources */,
			);
			runOnlyForDeploymentPostprocessing = 0;
		};
/* End PBXResourcesBuildPhase section */

/* Begin PBXSourcesBuildPhase section */
		A7D1D29C20AC5BDB000525A3 /* Sources */ = {
			isa = PBXSourcesBuildPhase;
			buildActionMask = 2147483647;
			files = (
				A724B6C920ACED0600B16967 /* CalculatorBrain.swift in Sources */,
				A7D1D2A620AC5BDB000525A3 /* ViewController.swift in Sources */,
				A7D1D2A420AC5BDB000525A3 /* AppDelegate.swift in Sources */,
			);
			runOnlyForDeploymentPostprocessing = 0;
		};
/* End PBXSourcesBuildPhase section */

/* Begin PBXVariantGroup section */
		A7D1D2A720AC5BDB000525A3 /* Main.storyboard */ = {
			isa = PBXVariantGroup;
			children = (
				A7D1D2A820AC5BDB000525A3 /* Base */,
			);
			name = Main.storyboard;
			sourceTree = "<group>";
		};
		A7D1D2AC20AC5BDB000525A3 /* LaunchScreen.storyboard */ = {
			isa = PBXVariantGroup;
			children = (
				A7D1D2AD20AC5BDB000525A3 /* Base */,
			);
			name = LaunchScreen.storyboard;
			sourceTree = "<group>";
		};
/* End PBXVariantGroup section */

/* Begin XCBuildConfiguration section */
		A7D1D2B020AC5BDB000525A3 /* Debug */ = {
			isa = XCBuildConfiguration;
			buildSettings = {
				ALWAYS_SEARCH_USER_PATHS = NO;
				CLANG_ANALYZER_NONNULL = YES;
				CLANG_ANALYZER_NUMBER_OBJECT_CONVERSION = YES_AGGRESSIVE;
				CLANG_CXX_LANGUAGE_STANDARD = "gnu++14";
				CLANG_CXX_LIBRARY = "libc++";
				CLANG_ENABLE_MODULES = YES;
				CLANG_ENABLE_OBJC_ARC = YES;
				CLANG_WARN_BLOCK_CAPTURE_AUTORELEASING = YES;
				CLANG_WARN_BOOL_CONVERSION = YES;
				CLANG_WARN_COMMA = YES;
				CLANG_WARN_CONSTANT_CONVERSION = YES;
				CLANG_WARN_DIRECT_OBJC_ISA_USAGE = YES_ERROR;
				CLANG_WARN_DOCUMENTATION_COMMENTS = YES;
				CLANG_WARN_EMPTY_BODY = YES;
				CLANG_WARN_ENUM_CONVERSION = YES;
				CLANG_WARN_INFINITE_RECURSION = YES;
				CLANG_WARN_INT_CONVERSION = YES;
				CLANG_WARN_NON_LITERAL_NULL_CONVERSION = YES;
				CLANG_WARN_OBJC_LITERAL_CONVERSION = YES;
				CLANG_WARN_OBJC_ROOT_CLASS = YES_ERROR;
				CLANG_WARN_RANGE_LOOP_ANALYSIS = YES;
				CLANG_WARN_STRICT_PROTOTYPES = YES;
				CLANG_WARN_SUSPICIOUS_MOVE = YES;
				CLANG_WARN_UNGUARDED_AVAILABILITY = YES_AGGRESSIVE;
				CLANG_WARN_UNREACHABLE_CODE = YES;
				CLANG_WARN__DUPLICATE_METHOD_MATCH = YES;
				CODE_SIGN_IDENTITY = "iPhone Developer";
				COPY_PHASE_STRIP = NO;
				DEBUG_INFORMATION_FORMAT = dwarf;
				ENABLE_STRICT_OBJC_MSGSEND = YES;
				ENABLE_TESTABILITY = YES;
				GCC_C_LANGUAGE_STANDARD = gnu11;
				GCC_DYNAMIC_NO_PIC = NO;
				GCC_NO_COMMON_BLOCKS = YES;
				GCC_OPTIMIZATION_LEVEL = 0;
				GCC_PREPROCESSOR_DEFINITIONS = (
					"DEBUG=1",
					"$(inherited)",
				);
				GCC_WARN_64_TO_32_BIT_CONVERSION = YES;
				GCC_WARN_ABOUT_RETURN_TYPE = YES_ERROR;
				GCC_WARN_UNDECLARED_SELECTOR = YES;
				GCC_WARN_UNINITIALIZED_AUTOS = YES_AGGRESSIVE;
				GCC_WARN_UNUSED_FUNCTION = YES;
				GCC_WARN_UNUSED_VARIABLE = YES;
				IPHONEOS_DEPLOYMENT_TARGET = 11.2;
				MTL_ENABLE_DEBUG_INFO = YES;
				ONLY_ACTIVE_ARCH = YES;
				SDKROOT = iphoneos;
				SWIFT_ACTIVE_COMPILATION_CONDITIONS = DEBUG;
				SWIFT_OPTIMIZATION_LEVEL = "-Onone";
			};
			name = Debug;
		};
		A7D1D2B120AC5BDB000525A3 /* Release */ = {
			isa = XCBuildConfiguration;
			buildSettings = {
				ALWAYS_SEARCH_USER_PATHS = NO;
				CLANG_ANALYZER_NONNULL = YES;
				CLANG_ANALYZER_NUMBER_OBJECT_CONVERSION = YES_AGGRESSIVE;
				CLANG_CXX_LANGUAGE_STANDARD = "gnu++14";
				CLANG_CXX_LIBRARY = "libc++";
				CLANG_ENABLE_MODULES = YES;
				CLANG_ENABLE_OBJC_ARC = YES;
				CLANG_WARN_BLOCK_CAPTURE_AUTORELEASING = YES;
				CLANG_WARN_BOOL_CONVERSION = YES;
				CLANG_WARN_COMMA = YES;
				CLANG_WARN_CONSTANT_CONVERSION = YES;
				CLANG_WARN_DIRECT_OBJC_ISA_USAGE = YES_ERROR;
				CLANG_WARN_DOCUMENTATION_COMMENTS = YES;
				CLANG_WARN_EMPTY_BODY = YES;
				CLANG_WARN_ENUM_CONVERSION = YES;
				CLANG_WARN_INFINITE_RECURSION = YES;
				CLANG_WARN_INT_CONVERSION = YES;
				CLANG_WARN_NON_LITERAL_NULL_CONVERSION = YES;
				CLANG_WARN_OBJC_LITERAL_CONVERSION = YES;
				CLANG_WARN_OBJC_ROOT_CLASS = YES_ERROR;
				CLANG_WARN_RANGE_LOOP_ANALYSIS = YES;
				CLANG_WARN_STRICT_PROTOTYPES = YES;
				CLANG_WARN_SUSPICIOUS_MOVE = YES;
				CLANG_WARN_UNGUARDED_AVAILABILITY = YES_AGGRESSIVE;
				CLANG_WARN_UNREACHABLE_CODE = YES;
				CLANG_WARN__DUPLICATE_METHOD_MATCH = YES;
				CODE_SIGN_IDENTITY = "iPhone Developer";
				COPY_PHASE_STRIP = NO;
				DEBUG_INFORMATION_FORMAT = "dwarf-with-dsym";
				ENABLE_NS_ASSERTIONS = NO;
				ENABLE_STRICT_OBJC_MSGSEND = YES;
				GCC_C_LANGUAGE_STANDARD = gnu11;
				GCC_NO_COMMON_BLOCKS = YES;
				GCC_WARN_64_TO_32_BIT_CONVERSION = YES;
				GCC_WARN_ABOUT_RETURN_TYPE = YES_ERROR;
				GCC_WARN_UNDECLARED_SELECTOR = YES;
				GCC_WARN_UNINITIALIZED_AUTOS = YES_AGGRESSIVE;
				GCC_WARN_UNUSED_FUNCTION = YES;
				GCC_WARN_UNUSED_VARIABLE = YES;
				IPHONEOS_DEPLOYMENT_TARGET = 11.2;
				MTL_ENABLE_DEBUG_INFO = NO;
				SDKROOT = iphoneos;
				SWIFT_OPTIMIZATION_LEVEL = "-Owholemodule";
				VALIDATE_PRODUCT = YES;
			};
			name = Release;
		};
		A7D1D2B320AC5BDB000525A3 /* Debug */ = {
			isa = XCBuildConfiguration;
			buildSettings = {
				ASSETCATALOG_COMPILER_APPICON_NAME = AppIcon;
				CODE_SIGN_STYLE = Automatic;
				INFOPLIST_FILE = clacolator/Info.plist;
				LD_RUNPATH_SEARCH_PATHS = "$(inherited) @executable_path/Frameworks";
				PRODUCT_BUNDLE_IDENTIFIER = freelancer.clacolator;
				PRODUCT_NAME = "$(TARGET_NAME)";
				SWIFT_VERSION = 4.0;
				TARGETED_DEVICE_FAMILY = "1,2";
			};
			name = Debug;
		};
		A7D1D2B420AC5BDB000525A3 /* Release */ = {
			isa = XCBuildConfiguration;
			buildSettings = {
				ASSETCATALOG_COMPILER_APPICON_NAME = AppIcon;
				CODE_SIGN_STYLE = Automatic;
				INFOPLIST_FILE = clacolator/Info.plist;
				LD_RUNPATH_SEARCH_PATHS = "$(inherited) @executable_path/Frameworks";
				PRODUCT_BUNDLE_IDENTIFIER = freelancer.clacolator;
				PRODUCT_NAME = "$(TARGET_NAME)";
				SWIFT_VERSION = 4.0;
				TARGETED_DEVICE_FAMILY = "1,2";
			};
			name = Release;
		};
/* End XCBuildConfiguration section */

/* Begin XCConfigurationList section */
		A7D1D29B20AC5BDB000525A3 /* Build configuration list for PBXProject "clacolator" */ = {
			isa = XCConfigurationList;
			buildConfigurations = (
				A7D1D2B020AC5BDB000525A3 /* Debug */,
				A7D1D2B120AC5BDB000525A3 /* Release */,
			);
			defaultConfigurationIsVisible = 0;
			defaultConfigurationName = Release;
		};
		A7D1D2B220AC5BDB000525A3 /* Build configuration list for PBXNativeTarget "clacolator" */ = {
			isa = XCConfigurationList;
			buildConfigurations = (
				A7D1D2B320AC5BDB000525A3 /* Debug */,
				A7D1D2B420AC5BDB000525A3 /* Release */,
			);
			defaultConfigurationIsVisible = 0;
			defaultConfigurationName = Release;
		};
/* End XCConfigurationList section */
	};
	rootObject = A7D1D29820AC5BDB000525A3 /* Project object */;
}
